// !$*UTF8*$!
{
	archiveVersion = 1;
	classes = {
	};
	objectVersion = 50;
	objects = {

/* Begin PBXBuildFile section */
		58A5DDE6229B3788001381C4 /* GroupCell.swift in Sources */ = {isa = PBXBuildFile; fileRef = 58A5DDE5229B3788001381C4 /* GroupCell.swift */; };
		58A5DDE8229B3801001381C4 /* AllGroupsViewController.swift in Sources */ = {isa = PBXBuildFile; fileRef = 58A5DDE7229B3801001381C4 /* AllGroupsViewController.swift */; };
		58A5DDEB229B3840001381C4 /* Models.swift in Sources */ = {isa = PBXBuildFile; fileRef = 58A5DDEA229B3840001381C4 /* Models.swift */; };
		58A5DDED229B3B69001381C4 /* MyGroupsViewController.swift in Sources */ = {isa = PBXBuildFile; fileRef = 58A5DDEC229B3B69001381C4 /* MyGroupsViewController.swift */; };
		58A5DDEF229B3CCC001381C4 /* MyFriendsViewController.swift in Sources */ = {isa = PBXBuildFile; fileRef = 58A5DDEE229B3CCC001381C4 /* MyFriendsViewController.swift */; };
		58A5DDF1229B3DA2001381C4 /* FriendCell.swift in Sources */ = {isa = PBXBuildFile; fileRef = 58A5DDF0229B3DA2001381C4 /* FriendCell.swift */; };
		58A5DDF3229B4251001381C4 /* PhotoCell.swift in Sources */ = {isa = PBXBuildFile; fileRef = 58A5DDF2229B4251001381C4 /* PhotoCell.swift */; };
		58A5DDF5229B42AC001381C4 /* PhotoCollectionViewController.swift in Sources */ = {isa = PBXBuildFile; fileRef = 58A5DDF4229B42AC001381C4 /* PhotoCollectionViewController.swift */; };
		58E75F1A228EEBA400EC0B9C /* AppDelegate.swift in Sources */ = {isa = PBXBuildFile; fileRef = 58E75F19228EEBA400EC0B9C /* AppDelegate.swift */; };
		58E75F1F228EEBA400EC0B9C /* Main.storyboard in Resources */ = {isa = PBXBuildFile; fileRef = 58E75F1D228EEBA400EC0B9C /* Main.storyboard */; };
		58E75F21228EEBA600EC0B9C /* Assets.xcassets in Resources */ = {isa = PBXBuildFile; fileRef = 58E75F20228EEBA600EC0B9C /* Assets.xcassets */; };
		58E75F24228EEBA600EC0B9C /* LaunchScreen.storyboard in Resources */ = {isa = PBXBuildFile; fileRef = 58E75F22228EEBA600EC0B9C /* LaunchScreen.storyboard */; };
		58E75F2C228EEBDD00EC0B9C /* LaunchController.swift in Sources */ = {isa = PBXBuildFile; fileRef = 58E75F2B228EEBDD00EC0B9C /* LaunchController.swift */; };
/* End PBXBuildFile section */

/* Begin PBXFileReference section */
		58A5DDE5229B3788001381C4 /* GroupCell.swift */ = {isa = PBXFileReference; lastKnownFileType = sourcecode.swift; path = GroupCell.swift; sourceTree = "<group>"; };
		58A5DDE7229B3801001381C4 /* AllGroupsViewController.swift */ = {isa = PBXFileReference; lastKnownFileType = sourcecode.swift; path = AllGroupsViewController.swift; sourceTree = "<group>"; };
		58A5DDEA229B3840001381C4 /* Models.swift */ = {isa = PBXFileReference; lastKnownFileType = sourcecode.swift; path = Models.swift; sourceTree = "<group>"; };
		58A5DDEC229B3B69001381C4 /* MyGroupsViewController.swift */ = {isa = PBXFileReference; lastKnownFileType = sourcecode.swift; path = MyGroupsViewController.swift; sourceTree = "<group>"; };
		58A5DDEE229B3CCC001381C4 /* MyFriendsViewController.swift */ = {isa = PBXFileReference; lastKnownFileType = sourcecode.swift; path = MyFriendsViewController.swift; sourceTree = "<group>"; };
		58A5DDF0229B3DA2001381C4 /* FriendCell.swift */ = {isa = PBXFileReference; lastKnownFileType = sourcecode.swift; path = FriendCell.swift; sourceTree = "<group>"; };
		58A5DDF2229B4251001381C4 /* PhotoCell.swift */ = {isa = PBXFileReference; lastKnownFileType = sourcecode.swift; path = PhotoCell.swift; sourceTree = "<group>"; };
		58A5DDF4229B42AC001381C4 /* PhotoCollectionViewController.swift */ = {isa = PBXFileReference; lastKnownFileType = sourcecode.swift; path = PhotoCollectionViewController.swift; sourceTree = "<group>"; };
		58E75F16228EEBA400EC0B9C /* GB-Vkontakte.app */ = {isa = PBXFileReference; explicitFileType = wrapper.application; includeInIndex = 0; path = "GB-Vkontakte.app"; sourceTree = BUILT_PRODUCTS_DIR; };
		58E75F19228EEBA400EC0B9C /* AppDelegate.swift */ = {isa = PBXFileReference; lastKnownFileType = sourcecode.swift; path = AppDelegate.swift; sourceTree = "<group>"; };
		58E75F1E228EEBA400EC0B9C /* Base */ = {isa = PBXFileReference; lastKnownFileType = file.storyboard; name = Base; path = Base.lproj/Main.storyboard; sourceTree = "<group>"; };
		58E75F20228EEBA600EC0B9C /* Assets.xcassets */ = {isa = PBXFileReference; lastKnownFileType = folder.assetcatalog; path = Assets.xcassets; sourceTree = "<group>"; };
		58E75F23228EEBA600EC0B9C /* Base */ = {isa = PBXFileReference; lastKnownFileType = file.storyboard; name = Base; path = Base.lproj/LaunchScreen.storyboard; sourceTree = "<group>"; };
		58E75F25228EEBA600EC0B9C /* Info.plist */ = {isa = PBXFileReference; lastKnownFileType = text.plist.xml; path = Info.plist; sourceTree = "<group>"; };
		58E75F2B228EEBDD00EC0B9C /* LaunchController.swift */ = {isa = PBXFileReference; lastKnownFileType = sourcecode.swift; path = LaunchController.swift; sourceTree = "<group>"; };
/* End PBXFileReference section */

/* Begin PBXFrameworksBuildPhase section */
		58E75F13228EEBA400EC0B9C /* Frameworks */ = {
			isa = PBXFrameworksBuildPhase;
			buildActionMask = 2147483647;
			files = (
			);
			runOnlyForDeploymentPostprocessing = 0;
		};
/* End PBXFrameworksBuildPhase section */

/* Begin PBXGroup section */
		581DF8FA22974DDA00CF8777 /* Cells */ = {
			isa = PBXGroup;
			children = (
				58A5DDE5229B3788001381C4 /* GroupCell.swift */,
				58A5DDF0229B3DA2001381C4 /* FriendCell.swift */,
				58A5DDF2229B4251001381C4 /* PhotoCell.swift */,
			);
			path = Cells;
			sourceTree = "<group>";
		};
		58A5DDE9229B3815001381C4 /* Models */ = {
			isa = PBXGroup;
			children = (
				58A5DDEA229B3840001381C4 /* Models.swift */,
			);
			path = Models;
			sourceTree = "<group>";
		};
		58BC413A2293E80A00B78D21 /* Controllers */ = {
			isa = PBXGroup;
			children = (
				58A5DDE7229B3801001381C4 /* AllGroupsViewController.swift */,
				58A5DDEC229B3B69001381C4 /* MyGroupsViewController.swift */,
				58A5DDEE229B3CCC001381C4 /* MyFriendsViewController.swift */,
				58A5DDF4229B42AC001381C4 /* PhotoCollectionViewController.swift */,
			);
			path = Controllers;
			sourceTree = "<group>";
		};
		58E75F0D228EEBA400EC0B9C = {
			isa = PBXGroup;
			children = (
				58E75F18228EEBA400EC0B9C /* GB-Vkontakte */,
				58E75F17228EEBA400EC0B9C /* Products */,
			);
			sourceTree = "<group>";
		};
		58E75F17228EEBA400EC0B9C /* Products */ = {
			isa = PBXGroup;
			children = (
				58E75F16228EEBA400EC0B9C /* GB-Vkontakte.app */,
			);
			name = Products;
			sourceTree = "<group>";
		};
		58E75F18228EEBA400EC0B9C /* GB-Vkontakte */ = {
			isa = PBXGroup;
			children = (
				58E75F19228EEBA400EC0B9C /* AppDelegate.swift */,
				58E75F2B228EEBDD00EC0B9C /* LaunchController.swift */,
				58A5DDE9229B3815001381C4 /* Models */,
				581DF8FA22974DDA00CF8777 /* Cells */,
				58BC413A2293E80A00B78D21 /* Controllers */,
				58E75F1D228EEBA400EC0B9C /* Main.storyboard */,
				58E75F20228EEBA600EC0B9C /* Assets.xcassets */,
				58E75F22228EEBA600EC0B9C /* LaunchScreen.storyboard */,
				58E75F25228EEBA600EC0B9C /* Info.plist */,
			);
			path = "GB-Vkontakte";
			sourceTree = "<group>";
		};
/* End PBXGroup section */

/* Begin PBXNativeTarget section */
		58E75F15228EEBA400EC0B9C /* GB-Vkontakte */ = {
			isa = PBXNativeTarget;
			buildConfigurationList = 58E75F28228EEBA600EC0B9C /* Build configuration list for PBXNativeTarget "GB-Vkontakte" */;
			buildPhases = (
				58E75F12228EEBA400EC0B9C /* Sources */,
				58E75F13228EEBA400EC0B9C /* Frameworks */,
				58E75F14228EEBA400EC0B9C /* Resources */,
			);
			buildRules = (
			);
			dependencies = (
			);
			name = "GB-Vkontakte";
			productName = "GB-Vkontakte";
			productReference = 58E75F16228EEBA400EC0B9C /* GB-Vkontakte.app */;
			productType = "com.apple.product-type.application";
		};
/* End PBXNativeTarget section */

/* Begin PBXProject section */
		58E75F0E228EEBA400EC0B9C /* Project object */ = {
			isa = PBXProject;
			attributes = {
				LastSwiftUpdateCheck = 1010;
				LastUpgradeCheck = 1010;
				ORGANIZATIONNAME = Vit;
				TargetAttributes = {
					58E75F15228EEBA400EC0B9C = {
						CreatedOnToolsVersion = 10.1;
					};
				};
			};
			buildConfigurationList = 58E75F11228EEBA400EC0B9C /* Build configuration list for PBXProject "GB-Vkontakte" */;
			compatibilityVersion = "Xcode 9.3";
			developmentRegion = en;
			hasScannedForEncodings = 0;
			knownRegions = (
				en,
				Base,
			);
			mainGroup = 58E75F0D228EEBA400EC0B9C;
			productRefGroup = 58E75F17228EEBA400EC0B9C /* Products */;
			projectDirPath = "";
			projectRoot = "";
			targets = (
				58E75F15228EEBA400EC0B9C /* GB-Vkontakte */,
			);
		};
/* End PBXProject section */

/* Begin PBXResourcesBuildPhase section */
		58E75F14228EEBA400EC0B9C /* Resources */ = {
			isa = PBXResourcesBuildPhase;
			buildActionMask = 2147483647;
			files = (
				58E75F24228EEBA600EC0B9C /* LaunchScreen.storyboard in Resources */,
				58E75F21228EEBA600EC0B9C /* Assets.xcassets in Resources */,
				58E75F1F228EEBA400EC0B9C /* Main.storyboard in Resources */,
			);
			runOnlyForDeploymentPostprocessing = 0;
		};
/* End PBXResourcesBuildPhase section */

/* Begin PBXSourcesBuildPhase section */
		58E75F12228EEBA400EC0B9C /* Sources */ = {
			isa = PBXSourcesBuildPhase;
			buildActionMask = 2147483647;
			files = (
				58A5DDEF229B3CCC001381C4 /* MyFriendsViewController.swift in Sources */,
				58A5DDED229B3B69001381C4 /* MyGroupsViewController.swift in Sources */,
				58A5DDE8229B3801001381C4 /* AllGroupsViewController.swift in Sources */,
				58A5DDF1229B3DA2001381C4 /* FriendCell.swift in Sources */,
				58E75F2C228EEBDD00EC0B9C /* LaunchController.swift in Sources */,
				58A5DDF5229B42AC001381C4 /* PhotoCollectionViewController.swift in Sources */,
				58A5DDF3229B4251001381C4 /* PhotoCell.swift in Sources */,
				58A5DDEB229B3840001381C4 /* Models.swift in Sources */,
				58E75F1A228EEBA400EC0B9C /* AppDelegate.swift in Sources */,
				58A5DDE6229B3788001381C4 /* GroupCell.swift in Sources */,
			);
			runOnlyForDeploymentPostprocessing = 0;
		};
/* End PBXSourcesBuildPhase section */

/* Begin PBXVariantGroup section */
		58E75F1D228EEBA400EC0B9C /* Main.storyboard */ = {
			isa = PBXVariantGroup;
			children = (
				58E75F1E228EEBA400EC0B9C /* Base */,
			);
			name = Main.storyboard;
			sourceTree = "<group>";
		};
		58E75F22228EEBA600EC0B9C /* LaunchScreen.storyboard */ = {
			isa = PBXVariantGroup;
			children = (
				58E75F23228EEBA600EC0B9C /* Base */,
			);
			name = LaunchScreen.storyboard;
			sourceTree = "<group>";
		};
/* End PBXVariantGroup section */

/* Begin XCBuildConfiguration section */
		58E75F26228EEBA600EC0B9C /* Debug */ = {
			isa = XCBuildConfiguration;
			buildSettings = {
				ALWAYS_SEARCH_USER_PATHS = NO;
				CLANG_ANALYZER_NONNULL = YES;
				CLANG_ANALYZER_NUMBER_OBJECT_CONVERSION = YES_AGGRESSIVE;
				CLANG_CXX_LANGUAGE_STANDARD = "gnu++14";
				CLANG_CXX_LIBRARY = "libc++";
				CLANG_ENABLE_MODULES = YES;
				CLANG_ENABLE_OBJC_ARC = YES;
				CLANG_ENABLE_OBJC_WEAK = YES;
				CLANG_WARN_BLOCK_CAPTURE_AUTORELEASING = YES;
				CLANG_WARN_BOOL_CONVERSION = YES;
				CLANG_WARN_COMMA = YES;
				CLANG_WARN_CONSTANT_CONVERSION = YES;
				CLANG_WARN_DEPRECATED_OBJC_IMPLEMENTATIONS = YES;
				CLANG_WARN_DIRECT_OBJC_ISA_USAGE = YES_ERROR;
				CLANG_WARN_DOCUMENTATION_COMMENTS = YES;
				CLANG_WARN_EMPTY_BODY = YES;
				CLANG_WARN_ENUM_CONVERSION = YES;
				CLANG_WARN_INFINITE_RECURSION = YES;
				CLANG_WARN_INT_CONVERSION = YES;
				CLANG_WARN_NON_LITERAL_NULL_CONVERSION = YES;
				CLANG_WARN_OBJC_IMPLICIT_RETAIN_SELF = YES;
				CLANG_WARN_OBJC_LITERAL_CONVERSION = YES;
				CLANG_WARN_OBJC_ROOT_CLASS = YES_ERROR;
				CLANG_WARN_RANGE_LOOP_ANALYSIS = YES;
				CLANG_WARN_STRICT_PROTOTYPES = YES;
				CLANG_WARN_SUSPICIOUS_MOVE = YES;
				CLANG_WARN_UNGUARDED_AVAILABILITY = YES_AGGRESSIVE;
				CLANG_WARN_UNREACHABLE_CODE = YES;
				CLANG_WARN__DUPLICATE_METHOD_MATCH = YES;
				CODE_SIGN_IDENTITY = "iPhone Developer";
				COPY_PHASE_STRIP = NO;
				DEBUG_INFORMATION_FORMAT = dwarf;
				ENABLE_STRICT_OBJC_MSGSEND = YES;
				ENABLE_TESTABILITY = YES;
				GCC_C_LANGUAGE_STANDARD = gnu11;
				GCC_DYNAMIC_NO_PIC = NO;
				GCC_NO_COMMON_BLOCKS = YES;
				GCC_OPTIMIZATION_LEVEL = 0;
				GCC_PREPROCESSOR_DEFINITIONS = (
					"DEBUG=1",
					"$(inherited)",
				);
				GCC_WARN_64_TO_32_BIT_CONVERSION = YES;
				GCC_WARN_ABOUT_RETURN_TYPE = YES_ERROR;
				GCC_WARN_UNDECLARED_SELECTOR = YES;
				GCC_WARN_UNINITIALIZED_AUTOS = YES_AGGRESSIVE;
				GCC_WARN_UNUSED_FUNCTION = YES;
				GCC_WARN_UNUSED_VARIABLE = YES;
				IPHONEOS_DEPLOYMENT_TARGET = 12.1;
				MTL_ENABLE_DEBUG_INFO = INCLUDE_SOURCE;
				MTL_FAST_MATH = YES;
				ONLY_ACTIVE_ARCH = YES;
				SDKROOT = iphoneos;
				SWIFT_ACTIVE_COMPILATION_CONDITIONS = DEBUG;
				SWIFT_OPTIMIZATION_LEVEL = "-Onone";
			};
			name = Debug;
		};
		58E75F27228EEBA600EC0B9C /* Release */ = {
			isa = XCBuildConfiguration;
			buildSettings = {
				ALWAYS_SEARCH_USER_PATHS = NO;
				CLANG_ANALYZER_NONNULL = YES;
				CLANG_ANALYZER_NUMBER_OBJECT_CONVERSION = YES_AGGRESSIVE;
				CLANG_CXX_LANGUAGE_STANDARD = "gnu++14";
				CLANG_CXX_LIBRARY = "libc++";
				CLANG_ENABLE_MODULES = YES;
				CLANG_ENABLE_OBJC_ARC = YES;
				CLANG_ENABLE_OBJC_WEAK = YES;
				CLANG_WARN_BLOCK_CAPTURE_AUTORELEASING = YES;
				CLANG_WARN_BOOL_CONVERSION = YES;
				CLANG_WARN_COMMA = YES;
				CLANG_WARN_CONSTANT_CONVERSION = YES;
				CLANG_WARN_DEPRECATED_OBJC_IMPLEMENTATIONS = YES;
				CLANG_WARN_DIRECT_OBJC_ISA_USAGE = YES_ERROR;
				CLANG_WARN_DOCUMENTATION_COMMENTS = YES;
				CLANG_WARN_EMPTY_BODY = YES;
				CLANG_WARN_ENUM_CONVERSION = YES;
				CLANG_WARN_INFINITE_RECURSION = YES;
				CLANG_WARN_INT_CONVERSION = YES;
				CLANG_WARN_NON_LITERAL_NULL_CONVERSION = YES;
				CLANG_WARN_OBJC_IMPLICIT_RETAIN_SELF = YES;
				CLANG_WARN_OBJC_LITERAL_CONVERSION = YES;
				CLANG_WARN_OBJC_ROOT_CLASS = YES_ERROR;
				CLANG_WARN_RANGE_LOOP_ANALYSIS = YES;
				CLANG_WARN_STRICT_PROTOTYPES = YES;
				CLANG_WARN_SUSPICIOUS_MOVE = YES;
				CLANG_WARN_UNGUARDED_AVAILABILITY = YES_AGGRESSIVE;
				CLANG_WARN_UNREACHABLE_CODE = YES;
				CLANG_WARN__DUPLICATE_METHOD_MATCH = YES;
				CODE_SIGN_IDENTITY = "iPhone Developer";
				COPY_PHASE_STRIP = NO;
				DEBUG_INFORMATION_FORMAT = "dwarf-with-dsym";
				ENABLE_NS_ASSERTIONS = NO;
				ENABLE_STRICT_OBJC_MSGSEND = YES;
				GCC_C_LANGUAGE_STANDARD = gnu11;
				GCC_NO_COMMON_BLOCKS = YES;
				GCC_WARN_64_TO_32_BIT_CONVERSION = YES;
				GCC_WARN_ABOUT_RETURN_TYPE = YES_ERROR;
				GCC_WARN_UNDECLARED_SELECTOR = YES;
				GCC_WARN_UNINITIALIZED_AUTOS = YES_AGGRESSIVE;
				GCC_WARN_UNUSED_FUNCTION = YES;
				GCC_WARN_UNUSED_VARIABLE = YES;
				IPHONEOS_DEPLOYMENT_TARGET = 12.1;
				MTL_ENABLE_DEBUG_INFO = NO;
				MTL_FAST_MATH = YES;
				SDKROOT = iphoneos;
				SWIFT_COMPILATION_MODE = wholemodule;
				SWIFT_OPTIMIZATION_LEVEL = "-O";
				VALIDATE_PRODUCT = YES;
			};
			name = Release;
		};
		58E75F29228EEBA600EC0B9C /* Debug */ = {
			isa = XCBuildConfiguration;
			buildSettings = {
				ASSETCATALOG_COMPILER_APPICON_NAME = AppIcon;
				CODE_SIGN_STYLE = Automatic;
				INFOPLIST_FILE = "GB-Vkontakte/Info.plist";
				LD_RUNPATH_SEARCH_PATHS = (
					"$(inherited)",
					"@executable_path/Frameworks",
				);
				PRODUCT_BUNDLE_IDENTIFIER = "tiV.GB-Vkontakte";
				PRODUCT_NAME = "$(TARGET_NAME)";
				SWIFT_VERSION = 4.2;
				TARGETED_DEVICE_FAMILY = "1,2";
			};
			name = Debug;
		};
		58E75F2A228EEBA600EC0B9C /* Release */ = {
			isa = XCBuildConfiguration;
			buildSettings = {
				ASSETCATALOG_COMPILER_APPICON_NAME = AppIcon;
				CODE_SIGN_STYLE = Automatic;
				INFOPLIST_FILE = "GB-Vkontakte/Info.plist";
				LD_RUNPATH_SEARCH_PATHS = (
					"$(inherited)",
					"@executable_path/Frameworks",
				);
				PRODUCT_BUNDLE_IDENTIFIER = "tiV.GB-Vkontakte";
				PRODUCT_NAME = "$(TARGET_NAME)";
				SWIFT_VERSION = 4.2;
				TARGETED_DEVICE_FAMILY = "1,2";
			};
			name = Release;
		};
/* End XCBuildConfiguration section */

/* Begin XCConfigurationList section */
		58E75F11228EEBA400EC0B9C /* Build configuration list for PBXProject "GB-Vkontakte" */ = {
			isa = XCConfigurationList;
			buildConfigurations = (
				58E75F26228EEBA600EC0B9C /* Debug */,
				58E75F27228EEBA600EC0B9C /* Release */,
			);
			defaultConfigurationIsVisible = 0;
			defaultConfigurationName = Release;
		};
		58E75F28228EEBA600EC0B9C /* Build configuration list for PBXNativeTarget "GB-Vkontakte" */ = {
			isa = XCConfigurationList;
			buildConfigurations = (
				58E75F29228EEBA600EC0B9C /* Debug */,
				58E75F2A228EEBA600EC0B9C /* Release */,
			);
			defaultConfigurationIsVisible = 0;
			defaultConfigurationName = Release;
		};
/* End XCConfigurationList section */
	};
	rootObject = 58E75F0E228EEBA400EC0B9C /* Project object */;
}
